<?xml version="1.0" encoding="utf-8"?>
<Project ToolsVersion="4.0" xmlns="http://schemas.microsoft.com/developer/msbuild/2003">
  <ItemGroup>
    <Filter Include="General">
      <UniqueIdentifier>{4FC737F1-C7A5-4376-A066-2A32D752A2FF}</UniqueIdentifier>
      <Extensions>cpp;c;cc;cxx;def;odl;idl;hpj;bat;asm;asmx</Extensions>
    </Filter>
    <Filter Include="Math">
      <UniqueIdentifier>{eb8a2dd5-2469-40a4-917b-899778139199}</UniqueIdentifier>
    </Filter>
  </ItemGroup>
  <ItemGroup>
    <ClInclude Include="Math\Vectors.hpp">
      <Filter>Math</Filter>
    </ClInclude>
    <ClInclude Include="Math\MathUtils.hpp">
      <Filter>Math</Filter>
    </ClInclude>
    <ClInclude Include="Core\Types.hpp" />
    <ClInclude Include="Math\Vectors\IVec2.hpp" />
    <ClInclude Include="Math\Vectors\IVec2InlineImplementation.hpp" />
    <ClInclude Include="Math\Vectors\IVec3.hpp" />
    <ClInclude Include="Math\Vectors\IVec3InlineImplementation.hpp" />
    <ClInclude Include="Math\Vectors\IVec4.hpp" />
    <ClInclude Include="Math\Vectors\IVec4InlineImplementation.hpp" />
    <ClInclude Include="Math\Vectors\Vec2.hpp">
      <Filter>Math</Filter>
    </ClInclude>
    <ClInclude Include="Math\Vectors\Vec2InlineImplementation.hpp">
      <Filter>Math</Filter>
    </ClInclude>
    <ClInclude Include="Math\Vectors\Vec3.hpp">
      <Filter>Math</Filter>
    </ClInclude>
    <ClInclude Include="Math\Vectors\Vec3InlineImplementation.hpp">
      <Filter>Math</Filter>
    </ClInclude>
    <ClInclude Include="Math\Vectors\Vec4.hpp">
      <Filter>Math</Filter>
    </ClInclude>
    <ClInclude Include="Math\Vectors\Vec4InlineImplementation.hpp">
      <Filter>Math</Filter>
    </ClInclude>
    <ClInclude Include="Core\WindowsLean.hpp" />
    <ClInclude Include="Core\TypedProperties.hpp" />
    <ClInclude Include="Rendering\RGBA.hpp" />
    <ClInclude Include="Core\TypedPropertiesInlineImplementation.hpp" />
    <ClInclude Include="Events\EventSystem.hpp" />
    <ClInclude Include="Async\Thread.hpp" />
    <ClInclude Include="Async\Mutex.hpp" />
    <ClInclude Include="Async\ReaderWriterMutex.hpp" />
    <ClInclude Include="Async\Containers\ThreadSafeQueue.hpp" />
    <ClInclude Include="Async\Containers\ThreadSafeQueueInlineImplementation.hpp" />
    <ClInclude Include="Jobs\JobSystem.hpp" />
    <ClInclude Include="Core\BitSet.hpp" />
    <ClInclude Include="Core\BitSetInlineImplementation.hpp" />
    <ClInclude Include="Events\EventSystemInlineImplementation.hpp" />
    <ClInclude Include="Math\Matrix.hpp" />
    <ClInclude Include="Math\Primitives\Plane.hpp" />
    <ClInclude Include="Core\ErrorWarningAssert.hpp" />
    <ClInclude Include="Strings\StringUtils.hpp" />
    <ClInclude Include="Math\Primitives\Ray.hpp" />
    <ClInclude Include="Math\Primitives\Sphere.hpp" />
    <ClInclude Include="Math\Primitives\Triangle.hpp" />
    <ClInclude Include="Math\Primitives\Circle.hpp" />
    <ClInclude Include="Math\Primitives\PrimitiveIntersections.hpp" />
    <ClInclude Include="Math\Primitives.hpp" />
    <ClInclude Include="Math\Primitives\AABB.hpp" />
    <ClInclude Include="__Control\__Control.hpp" />
    <ClInclude Include="Strings\HashedString.hpp" />
    <ClInclude Include="Core\EngineCommon.hpp" />
    <ClInclude Include="Time\Clock.hpp" />
    <ClInclude Include="Time\TimeUtils.hpp" />
    <ClInclude Include="Time\Stopwatch.hpp" />
    <ClInclude Include="Async\Atomic.hpp" />
    <ClInclude Include="XML\XMLUtils.hpp" />
    <ClInclude Include="Rendering\Window.hpp" />
    <ClInclude Include="Rendering\Window.ii.hpp" />
    <ClInclude Include="Core\Blackboard.hpp" />
    <ClInclude Include="Rendering\LowLevel\RHIInstance.hpp" />
    <ClInclude Include="Rendering\LowLevel\D3D11PreDefines.hpp" />
    <ClInclude Include="Rendering\LowLevel\VideoCardDescription.hpp" />
    <ClInclude Include="Rendering\LowLevel\RHIDevice.hpp" />
    <ClInclude Include="Rendering\LowLevel\RHIOutput.hpp" />
    <ClInclude Include="Rendering\LowLevel\BlendState.hpp" />
    <ClInclude Include="Rendering\LowLevel\RenderingEnums.hpp" />
    <ClInclude Include="Rendering\LowLevel\RasterizerState.hpp" />
    <ClInclude Include="Rendering\LowLevel\DepthStencilState.hpp" />
    <ClInclude Include="Rendering\LowLevel\Sampler.hpp" />
    <ClInclude Include="Rendering\LowLevel\VertexTypes.hpp" />
    <ClInclude Include="Rendering\LowLevel\VertexAttribute.hpp" />
    <ClInclude Include="Rendering\LowLevel\VertexLayout.hpp" />
    <ClInclude Include="Rendering\LowLevel\ShaderProgramStage.hpp" />
    <ClInclude Include="FileSystem\FileUtils.hpp" />
    <ClInclude Include="Rendering\LowLevel\ShaderProgram.hpp" />
    <ClInclude Include="Rendering\LowLevel\VertexBuffer.hpp" />
    <ClInclude Include="Rendering\LowLevel\RHIResource.hpp" />
    <ClInclude Include="Rendering\LowLevel\RHIViewableResource.hpp" />
    <ClInclude Include="Rendering\LowLevel\Texture.hpp" />
    <ClInclude Include="Rendering\LowLevel\Texture2D.hpp" />
    <ClInclude Include="Rendering\LowLevel\FrameBuffer.hpp" />
    <ClInclude Include="Rendering\LowLevel\GPUBufferUtils.hpp" />
    <ClInclude Include="Rendering\LowLevel\IndexBuffer.hpp" />
    <ClInclude Include="Rendering\LowLevel\DepthStencilView.hpp" />
    <ClInclude Include="Rendering\LowLevel\RenderTargetView.hpp" />
    <ClInclude Include="Rendering\LowLevel\ShaderResourceView.hpp" />
    <ClInclude Include="Rendering\LowLevel\ConstantBuffer.hpp" />
    <ClInclude Include="Rendering\LowLevel\TextureUtils.hpp" />
    <ClInclude Include="3rdParty\TinyXML2\tinyxml2.h" />
    <ClInclude Include="3rdParty\MikkT\mikktspace.h" />
    <ClInclude Include="3rdParty\STB\stb_image.h" />
    <ClInclude Include="3rdParty\STB\stb_image_write.h" />
    <ClInclude Include="Rendering\HighLevel\Image.hpp" />
    <ClInclude Include="3rdParty\IMGUI\imconfig.h" />
    <ClInclude Include="3rdParty\IMGUI\imgui.h" />
    <ClInclude Include="3rdParty\IMGUI\imgui_internal.h" />
    <ClInclude Include="3rdParty\IMGUI\imstb_rectpack.h" />
    <ClInclude Include="3rdParty\IMGUI\imstb_textedit.h" />
    <ClInclude Include="3rdParty\IMGUI\imstb_truetype.h" />
  </ItemGroup>
  <ItemGroup>
    <ClCompile Include="Math\MathUtils.cpp">
      <Filter>General</Filter>
    </ClCompile>
    <ClCompile Include="Rendering\RGBA.cpp">
      <Filter>General</Filter>
    </ClCompile>
    <ClCompile Include="Async\Thread.cpp">
      <Filter>General</Filter>
    </ClCompile>
    <ClCompile Include="Async\Mutex.cpp">
      <Filter>General</Filter>
    </ClCompile>
    <ClCompile Include="Async\ReaderWriterMutex.cpp">
      <Filter>General</Filter>
    </ClCompile>
    <ClCompile Include="Jobs\JobSystem.cpp">
      <Filter>General</Filter>
    </ClCompile>
    <ClCompile Include="Math\Matrix.cpp">
      <Filter>General</Filter>
    </ClCompile>
    <ClCompile Include="Math\Primitives\Plane.cpp">
      <Filter>General</Filter>
    </ClCompile>
    <ClCompile Include="Core\ErrorWarningAssert.cpp">
      <Filter>General</Filter>
    </ClCompile>
    <ClCompile Include="Strings\StringUtils.cpp">
      <Filter>General</Filter>
    </ClCompile>
    <ClCompile Include="Math\Primitives\Ray.cpp">
      <Filter>General</Filter>
    </ClCompile>
    <ClCompile Include="Math\Primitives\Sphere.cpp">
      <Filter>General</Filter>
    </ClCompile>
    <ClCompile Include="Math\Primitives\Triangle.cpp">
      <Filter>General</Filter>
    </ClCompile>
    <ClCompile Include="Math\Primitives\Circle.cpp">
      <Filter>General</Filter>
    </ClCompile>
    <ClCompile Include="Math\Primitives\AABB.cpp">
      <Filter>General</Filter>
    </ClCompile>
    <ClCompile Include="Strings\HashedString.cpp">
      <Filter>General</Filter>
    </ClCompile>
    <ClCompile Include="Time\Clock.cpp">
      <Filter>General</Filter>
    </ClCompile>
    <ClCompile Include="Time\TimeUtils.cpp">
      <Filter>General</Filter>
    </ClCompile>
    <ClCompile Include="Time\Stopwatch.cpp">
      <Filter>General</Filter>
    </ClCompile>
    <ClCompile Include="XML\XMLUtils.cpp">
      <Filter>General</Filter>
    </ClCompile>
    <ClCompile Include="Core\EngineCommon.cpp">
      <Filter>General</Filter>
    </ClCompile>
    <ClCompile Include="Rendering\Window.cpp">
      <Filter>General</Filter>
    </ClCompile>
    <ClCompile Include="Core\Blackboard.cpp">
      <Filter>General</Filter>
    </ClCompile>
    <ClCompile Include="Rendering\LowLevel\RHIInstance.cpp">
      <Filter>General</Filter>
    </ClCompile>
    <ClCompile Include="Rendering\LowLevel\VideoCardDescription.cpp">
      <Filter>General</Filter>
    </ClCompile>
    <ClCompile Include="Rendering\LowLevel\RHIDevice.cpp">
      <Filter>General</Filter>
    </ClCompile>
    <ClCompile Include="Rendering\LowLevel\RHIOutput.cpp">
      <Filter>General</Filter>
    </ClCompile>
    <ClCompile Include="Rendering\LowLevel\BlendState.cpp">
      <Filter>General</Filter>
    </ClCompile>
    <ClCompile Include="Rendering\LowLevel\RenderingEnums.cpp">
      <Filter>General</Filter>
    </ClCompile>
    <ClCompile Include="Rendering\LowLevel\RasterizerState.cpp">
      <Filter>General</Filter>
    </ClCompile>
    <ClCompile Include="Rendering\LowLevel\DepthStencilState.cpp">
      <Filter>General</Filter>
    </ClCompile>
    <ClCompile Include="Rendering\LowLevel\Sampler.cpp">
      <Filter>General</Filter>
    </ClCompile>
    <ClCompile Include="Rendering\LowLevel\VertexAttribute.cpp">
      <Filter>General</Filter>
    </ClCompile>
    <ClCompile Include="Rendering\LowLevel\VertexLayout.cpp">
      <Filter>General</Filter>
    </ClCompile>
    <ClCompile Include="Rendering\LowLevel\VertexTypes.cpp">
      <Filter>General</Filter>
    </ClCompile>
    <ClCompile Include="Rendering\LowLevel\ShaderProgramStage.cpp">
      <Filter>General</Filter>
    </ClCompile>
    <ClCompile Include="FileSystem\FileUtils.cpp">
      <Filter>General</Filter>
    </ClCompile>
    <ClCompile Include="Rendering\LowLevel\ShaderProgram.cpp">
      <Filter>General</Filter>
    </ClCompile>
    <ClCompile Include="Rendering\LowLevel\VertexBuffer.cpp">
      <Filter>General</Filter>
    </ClCompile>
    <ClCompile Include="Rendering\LowLevel\Texture2D.cpp">
      <Filter>General</Filter>
    </ClCompile>
    <ClCompile Include="Rendering\LowLevel\RenderTargetView.cpp">
      <Filter>General</Filter>
    </ClCompile>
    <ClCompile Include="Rendering\LowLevel\FrameBuffer.cpp">
      <Filter>General</Filter>
    </ClCompile>
    <ClCompile Include="Rendering\LowLevel\GPUBufferUtils.cpp">
      <Filter>General</Filter>
    </ClCompile>
    <ClCompile Include="Rendering\LowLevel\IndexBuffer.cpp">
      <Filter>General</Filter>
    </ClCompile>
    <ClCompile Include="Rendering\LowLevel\DepthStencilView.cpp">
      <Filter>General</Filter>
    </ClCompile>
    <ClCompile Include="Rendering\LowLevel\ShaderResourceView.cpp">
      <Filter>General</Filter>
    </ClCompile>
    <ClCompile Include="Rendering\LowLevel\ConstantBuffer.cpp">
      <Filter>General</Filter>
    </ClCompile>
    <ClCompile Include="Rendering\LowLevel\TextureUtils.cpp">
      <Filter>General</Filter>
    </ClCompile>
    <ClCompile Include="3rdParty\TinyXML2\tinyxml2.cpp">
      <Filter>General</Filter>
    </ClCompile>
    <ClCompile Include="3rdParty\MikkT\mikktspace.c">
      <Filter>General</Filter>
    </ClCompile>
    <ClCompile Include="3rdParty\STB\stb_image.c">
      <Filter>General</Filter>
    </ClCompile>
    <ClCompile Include="Rendering\HighLevel\Image.cpp">
      <Filter>General</Filter>
    </ClCompile>
    <ClCompile Include="3rdParty\IMGUI\imgui.cpp">
      <Filter>General</Filter>
    </ClCompile>
    <ClCompile Include="3rdParty\IMGUI\imgui_draw.cpp">
      <Filter>General</Filter>
    </ClCompile>
    <ClCompile Include="3rdParty\IMGUI\imgui_widgets.cpp">
      <Filter>General</Filter>
    </ClCompile>
  </ItemGroup>
</Project>